
Microsoft Visual Studio Solution File, Format Version 12.00
# Visual Studio Version 16
VisualStudioVersion = 16.0.31624.102
MinimumVisualStudioVersion = 10.0.40219.1
Project("{FAE04EC0-301F-11D3-BF4B-00C04F79EFBC}") = "MyCoffeHouse", "MyCoffeHouse\MyCoffeHouse.csproj", "{14115EAA-2AD8-46EB-923C-199EE01EE890}"
EndProject
Global
	GlobalSection(SolutionConfigurationPlatforms) = preSolution
		Debug|Any CPU = Debug|Any CPU
		Release|Any CPU = Release|Any CPU
	EndGlobalSection
	GlobalSection(ProjectConfigurationPlatforms) = postSolution
		{14115EAA-2AD8-46EB-923C-199EE01EE890}.Debug|Any CPU.ActiveCfg = Debug|Any CPU
		{14115EAA-2AD8-46EB-923C-199EE01EE890}.Debug|Any CPU.Build.0 = Debug|Any CPU
		{14115EAA-2AD8-46EB-923C-199EE01EE890}.Release|Any CPU.ActiveCfg = Release|Any CPU
		{14115EAA-2AD8-46EB-923C-199EE01EE890}.Release|Any CPU.Build.0 = Release|Any CPU
	EndGlobalSection
	GlobalSection(SolutionProperties) = preSolution
		HideSolutionNode = FALSE
	EndGlobalSection
	GlobalSection(ExtensibilityGlobals) = postSolution
		SolutionGuid = {C4E8DA00-32C0-469A-8061-4348568BFA84}
	EndGlobalSection
EndGlobal
